
Microsoft Visual Studio Solution File, Format Version 12.00
# Visual Studio 2012
Project("{E24C65DC-7377-472B-9ABA-BC803B73C61A}") = "Tutoring", ".", "{257ED271-FB57-4F44-B3C8-91C2BB304B30}"
	ProjectSection(WebsiteProperties) = preProject
		TargetFrameworkMoniker = ".NETFramework,Version%3Dv4.0"
		Debug.AspNetCompiler.VirtualPath = "/Tutoring"
		Debug.AspNetCompiler.PhysicalPath = "..\Tutoring\"
		Debug.AspNetCompiler.TargetPath = "PrecompiledWeb\Tutoring\"
		Debug.AspNetCompiler.Updateable = "true"
		Debug.AspNetCompiler.ForceOverwrite = "true"
		Debug.AspNetCompiler.FixedNames = "false"
		Debug.AspNetCompiler.Debug = "True"
		Release.AspNetCompiler.VirtualPath = "/Tutoring"
		Release.AspNetCompiler.PhysicalPath = "..\Tutoring\"
		Release.AspNetCompiler.TargetPath = "PrecompiledWeb\Tutoring\"
		Release.AspNetCompiler.Updateable = "true"
		Release.AspNetCompiler.ForceOverwrite = "true"
		Release.AspNetCompiler.FixedNames = "false"
		Release.AspNetCompiler.Debug = "False"
		VWDPort = "62954"
	EndProjectSection
EndProject
Global
	GlobalSection(SolutionConfigurationPlatforms) = preSolution
		Debug|Any CPU = Debug|Any CPU
	EndGlobalSection
	GlobalSection(ProjectConfigurationPlatforms) = postSolution
		{257ED271-FB57-4F44-B3C8-91C2BB304B30}.Debug|Any CPU.ActiveCfg = Debug|Any CPU
		{257ED271-FB57-4F44-B3C8-91C2BB304B30}.Debug|Any CPU.Build.0 = Debug|Any CPU
	EndGlobalSection
	GlobalSection(SolutionProperties) = preSolution
		HideSolutionNode = FALSE
	EndGlobalSection
EndGlobal
